schema: '2.0'
stages:
  data_preparation:
    cmd: python -m kedro run --pipeline=data_preparation
    deps:
    - path: data/01_raw
      hash: md5
      md5: 91b1bfc645cb6c6d563cd1c155493513.dir
      size: 50154532
      nfiles: 4
    - path: src/ricardo_ojeda_machine/pipelines/data_preparation
      hash: md5
      md5: f3f54577b86044a5e86990d7b29b4706.dir
      size: 6520
      nfiles: 7
    outs:
    - path: data/07_model_input
      hash: md5
      md5: aa51ccec12eaf447aa0a1e0139557c08.dir
      size: 54708395
      nfiles: 1
  regression:
    cmd: python -m kedro run --pipeline=regression
    deps:
    - path: data/07_model_input
      hash: md5
      md5: aa51ccec12eaf447aa0a1e0139557c08.dir
      size: 54708395
      nfiles: 1
    - path: src/ricardo_ojeda_machine/pipelines/regression
      hash: md5
      md5: b17a635f1b1ab5c02ec1216ab49f0dba.dir
      size: 14981
      nfiles: 6
    outs:
    - path: data/08_reporting/comparativa_modelos_R2.png
      hash: md5
      md5: 2a035652c80ece3db12494e70cdc36b2
      size: 31506
    - path: data/08_reporting/resultados_regresion.csv
      hash: md5
      md5: e72a462ed4b4b5d890debec1d6c62d2e
      size: 166
  classification:
    cmd: python -m kedro run --pipeline=classification
    deps:
    - path: data/07_model_input
      hash: md5
      md5: aa51ccec12eaf447aa0a1e0139557c08.dir
      size: 54708395
      nfiles: 1
    - path: src/ricardo_ojeda_machine/pipelines/classification
      hash: md5
      md5: e1ed063dc8bd1ab5e25b4c0e38b2510a.dir
      size: 18066
      nfiles: 6
    outs:
    - path: data/08_reporting/comparativa_modelos_clf.png
      hash: md5
      md5: 297ef86bc22cddf4a79268eb4b76ba0d
      size: 22343
    - path: data/08_reporting/resultados_clasificacion.csv
      hash: md5
      md5: 6dbf2951430d98a167d34caa2c2d1354
      size: 176
  prepare_data:
    cmd: python src/ricardo_ojeda_machine/pipelines/dvc_steps/prepare_data.py
    deps:
    - path: data/01_raw
      hash: md5
      md5: 91b1bfc645cb6c6d563cd1c155493513.dir
      size: 50154532
      nfiles: 4
    - path: src/ricardo_ojeda_machine/pipelines/dvc_steps/prepare_data.py
      hash: md5
      md5: 5c1f388b5e1ff20b1cb5d93c4e0ba1f6
      size: 1919
    outs:
    - path: data/02_intermediate/intakes_outcomes_clean.csv
      hash: md5
      md5: df48441e51da3459874cf315fc9e4a06
      size: 52031356
    - path: data/02_intermediate/intakes_transformed.csv
      hash: md5
      md5: bfe5dce6f5d47b765fc89957deacb4ce
      size: 27390761
    - path: data/02_intermediate/licenses_transformed.csv
      hash: md5
      md5: af8641b0413bb30e1f1d57de5816514e
      size: 3284409
    - path: data/02_intermediate/outcomes_transformed.csv
      hash: md5
      md5: 3f73ea99ae6a976ea0026e59736959e5
      size: 22902726
  feature_engineering:
    cmd: python 
      src/ricardo_ojeda_machine/pipelines/dvc_steps/feature_engineering.py
    deps:
    - path: data/02_intermediate/intakes_outcomes_clean.csv
      hash: md5
      md5: df48441e51da3459874cf315fc9e4a06
      size: 52031356
    - path: src/ricardo_ojeda_machine/pipelines/dvc_steps/feature_engineering.py
      hash: md5
      md5: a8cdd29ec24ed1958d0e96b100c07dfd
      size: 809
    outs:
    - path: data/05_model_input/features_dataset.csv
      hash: md5
      md5: df48441e51da3459874cf315fc9e4a06
      size: 52031356
  train_models:
    cmd: python src/ricardo_ojeda_machine/pipelines/dvc_steps/train_models.py
    deps:
    - path: data/05_model_input/features_dataset.csv
      hash: md5
      md5: df48441e51da3459874cf315fc9e4a06
      size: 52031356
    - path: src/ricardo_ojeda_machine/pipelines/dvc_steps/train_models.py
      hash: md5
      md5: 5695575a429fdc0541ce83d511c76667
      size: 3397
    outs:
    - path: 07_model_output/classification_results.csv
      hash: md5
      md5: e0809c690103475d680199e0d3765119
      size: 220
  evaluate:
    cmd: python src/ricardo_ojeda_machine/pipelines/dvc_steps/evaluate.py
    deps:
    - path: 07_model_output/classification_results.csv
      hash: md5
      md5: e0809c690103475d680199e0d3765119
      size: 220
    - path: 07_model_output/regression_results.csv
      hash: md5
      md5: c651b26d07a82f0407c63362690f0faa
      size: 213
    - path: src/ricardo_ojeda_machine/pipelines/dvc_steps/evaluate.py
      hash: md5
      md5: 6fe7482ef0e31c0f8985a8bad8c68e5e
      size: 633
    outs:
    - path: 08_reporting/evaluation_summary.csv
      hash: md5
      md5: 72a2d2626a8271a07331559f7be3b7e7
      size: 513
  train_regression:
    cmd: python 
      src/ricardo_ojeda_machine/pipelines/dvc_steps/train_regression.py
    deps:
    - path: data/05_model_input/features_dataset.csv
      hash: md5
      md5: df48441e51da3459874cf315fc9e4a06
      size: 52031356
    - path: src/ricardo_ojeda_machine/pipelines/dvc_steps/train_regression.py
      hash: md5
      md5: 2c29466bbe544cfcb7556411e13cac67
      size: 3190
    outs:
    - path: 07_model_output/regression_results.csv
      hash: md5
      md5: c651b26d07a82f0407c63362690f0faa
      size: 213
  pca_tsne:
    cmd: python src/ricardo_ojeda_machine/pipelines/dvc_steps/pca_tsne.py
    deps:
    - path: data/05_model_input/features_dataset.csv
      hash: md5
      md5: df48441e51da3459874cf315fc9e4a06
      size: 52031356
    - path: src/ricardo_ojeda_machine/pipelines/dvc_steps/pca_tsne.py
      hash: md5
      md5: 48778ae6fd8f024946cf1d3dabe076fe
      size: 2835
    outs:
    - path: 08_reporting/pca_tsne/pca_2d.csv
      hash: md5
      md5: a6fc0177bd62b440ef8a5169b239a28e
      size: 197586
    - path: 08_reporting/pca_tsne/pca_plot.png
      hash: md5
      md5: 564f28b901155667760d551167255e31
      size: 82847
    - path: 08_reporting/pca_tsne/tsne_2d.csv
      hash: md5
      md5: 52b954228f22a5ae9e4736c1f35985b6
      size: 107250
    - path: 08_reporting/pca_tsne/tsne_plot.png
      hash: md5
      md5: 5a819d4e200a3907f112651b01ca1187
      size: 98560
